// !$*UTF8*$!
{
	archiveVersion = 1;
	classes = {
	};
	objectVersion = 50;
	objects = {

/* Begin PBXBuildFile section */
		8EEE64A0239BC90800210C59 /* AppDelegate.swift in Sources */ = {isa = PBXBuildFile; fileRef = 8EEE649F239BC90800210C59 /* AppDelegate.swift */; };
		8EEE64A2239BC90800210C59 /* SceneDelegate.swift in Sources */ = {isa = PBXBuildFile; fileRef = 8EEE64A1239BC90800210C59 /* SceneDelegate.swift */; };
		8EEE64A7239BC90800210C59 /* Main.storyboard in Resources */ = {isa = PBXBuildFile; fileRef = 8EEE64A5239BC90800210C59 /* Main.storyboard */; };
		8EEE64A9239BC90800210C59 /* Assets.xcassets in Resources */ = {isa = PBXBuildFile; fileRef = 8EEE64A8239BC90800210C59 /* Assets.xcassets */; };
		8EEE64AC239BC90800210C59 /* LaunchScreen.storyboard in Resources */ = {isa = PBXBuildFile; fileRef = 8EEE64AA239BC90800210C59 /* LaunchScreen.storyboard */; };
		8EEE64B7239BC90800210C59 /* testRevoultTests.swift in Sources */ = {isa = PBXBuildFile; fileRef = 8EEE64B6239BC90800210C59 /* testRevoultTests.swift */; };
		8EEE64C2239BC90800210C59 /* testRevoultUITests.swift in Sources */ = {isa = PBXBuildFile; fileRef = 8EEE64C1239BC90800210C59 /* testRevoultUITests.swift */; };
/* End PBXBuildFile section */

/* Begin PBXContainerItemProxy section */
		8EEE64B3239BC90800210C59 /* PBXContainerItemProxy */ = {
			isa = PBXContainerItemProxy;
			containerPortal = 8EEE6494239BC90800210C59 /* Project object */;
			proxyType = 1;
			remoteGlobalIDString = 8EEE649B239BC90800210C59;
			remoteInfo = testRevoult;
		};
		8EEE64BE239BC90800210C59 /* PBXContainerItemProxy */ = {
			isa = PBXContainerItemProxy;
			containerPortal = 8EEE6494239BC90800210C59 /* Project object */;
			proxyType = 1;
			remoteGlobalIDString = 8EEE649B239BC90800210C59;
			remoteInfo = testRevoult;
		};
/* End PBXContainerItemProxy section */

/* Begin PBXFileReference section */
		8EEE649C239BC90800210C59 /* testRevoult.app */ = {isa = PBXFileReference; explicitFileType = wrapper.application; includeInIndex = 0; path = testRevoult.app; sourceTree = BUILT_PRODUCTS_DIR; };
		8EEE649F239BC90800210C59 /* AppDelegate.swift */ = {isa = PBXFileReference; lastKnownFileType = sourcecode.swift; name = AppDelegate.swift; path = testRevoult/AppDelegate.swift; sourceTree = SOURCE_ROOT; };
		8EEE64A1239BC90800210C59 /* SceneDelegate.swift */ = {isa = PBXFileReference; lastKnownFileType = sourcecode.swift; name = SceneDelegate.swift; path = ../SceneDelegate.swift; sourceTree = "<group>"; };
		8EEE64A6239BC90800210C59 /* Base */ = {isa = PBXFileReference; lastKnownFileType = file.storyboard; name = Base; path = Base.lproj/Main.storyboard; sourceTree = "<group>"; };
		8EEE64A8239BC90800210C59 /* Assets.xcassets */ = {isa = PBXFileReference; lastKnownFileType = folder.assetcatalog; path = Assets.xcassets; sourceTree = "<group>"; };
		8EEE64AB239BC90800210C59 /* Base */ = {isa = PBXFileReference; lastKnownFileType = file.storyboard; name = Base; path = Base.lproj/LaunchScreen.storyboard; sourceTree = "<group>"; };
		8EEE64AD239BC90800210C59 /* Info.plist */ = {isa = PBXFileReference; lastKnownFileType = text.plist.xml; path = Info.plist; sourceTree = "<group>"; };
		8EEE64B2239BC90800210C59 /* testRevoultTests.xctest */ = {isa = PBXFileReference; explicitFileType = wrapper.cfbundle; includeInIndex = 0; path = testRevoultTests.xctest; sourceTree = BUILT_PRODUCTS_DIR; };
		8EEE64B6239BC90800210C59 /* testRevoultTests.swift */ = {isa = PBXFileReference; lastKnownFileType = sourcecode.swift; path = testRevoultTests.swift; sourceTree = "<group>"; };
		8EEE64B8239BC90800210C59 /* Info.plist */ = {isa = PBXFileReference; lastKnownFileType = text.plist.xml; path = Info.plist; sourceTree = "<group>"; };
		8EEE64BD239BC90800210C59 /* testRevoultUITests.xctest */ = {isa = PBXFileReference; explicitFileType = wrapper.cfbundle; includeInIndex = 0; path = testRevoultUITests.xctest; sourceTree = BUILT_PRODUCTS_DIR; };
		8EEE64C1239BC90800210C59 /* testRevoultUITests.swift */ = {isa = PBXFileReference; lastKnownFileType = sourcecode.swift; path = testRevoultUITests.swift; sourceTree = "<group>"; };
		8EEE64C3239BC90800210C59 /* Info.plist */ = {isa = PBXFileReference; lastKnownFileType = text.plist.xml; path = Info.plist; sourceTree = "<group>"; };
/* End PBXFileReference section */

/* Begin PBXFrameworksBuildPhase section */
		8EEE6499239BC90800210C59 /* Frameworks */ = {
			isa = PBXFrameworksBuildPhase;
			buildActionMask = 2147483647;
			files = (
			);
			runOnlyForDeploymentPostprocessing = 0;
		};
		8EEE64AF239BC90800210C59 /* Frameworks */ = {
			isa = PBXFrameworksBuildPhase;
			buildActionMask = 2147483647;
			files = (
			);
			runOnlyForDeploymentPostprocessing = 0;
		};
		8EEE64BA239BC90800210C59 /* Frameworks */ = {
			isa = PBXFrameworksBuildPhase;
			buildActionMask = 2147483647;
			files = (
			);
			runOnlyForDeploymentPostprocessing = 0;
		};
/* End PBXFrameworksBuildPhase section */

/* Begin PBXGroup section */
		8E238F20239BC92700C920D0 /* App */ = {
			isa = PBXGroup;
			children = (
				8EEE649F239BC90800210C59 /* AppDelegate.swift */,
				8EEE64A1239BC90800210C59 /* SceneDelegate.swift */,
			);
			path = App;
			sourceTree = "<group>";
		};
		8E238F21239BC92B00C920D0 /* Resources */ = {
			isa = PBXGroup;
			children = (
			);
			path = Resources;
			sourceTree = "<group>";
		};
		8EEE6493239BC90800210C59 = {
			isa = PBXGroup;
			children = (
				8EEE649E239BC90800210C59 /* testRevoult */,
				8EEE64B5239BC90800210C59 /* testRevoultTests */,
				8EEE64C0239BC90800210C59 /* testRevoultUITests */,
				8EEE649D239BC90800210C59 /* Products */,
			);
			sourceTree = "<group>";
		};
		8EEE649D239BC90800210C59 /* Products */ = {
			isa = PBXGroup;
			children = (
				8EEE649C239BC90800210C59 /* testRevoult.app */,
				8EEE64B2239BC90800210C59 /* testRevoultTests.xctest */,
				8EEE64BD239BC90800210C59 /* testRevoultUITests.xctest */,
			);
			name = Products;
			sourceTree = "<group>";
		};
		8EEE649E239BC90800210C59 /* testRevoult */ = {
			isa = PBXGroup;
			children = (
				8E238F20239BC92700C920D0 /* App */,
				8E238F21239BC92B00C920D0 /* Resources */,
				8EEE64A8239BC90800210C59 /* Assets.xcassets */,
				8EEE64A5239BC90800210C59 /* Main.storyboard */,
				8EEE64AA239BC90800210C59 /* LaunchScreen.storyboard */,
				8EEE64AD239BC90800210C59 /* Info.plist */,
			);
			path = testRevoult;
			sourceTree = "<group>";
		};
		8EEE64B5239BC90800210C59 /* testRevoultTests */ = {
			isa = PBXGroup;
			children = (
				8EEE64B6239BC90800210C59 /* testRevoultTests.swift */,
				8EEE64B8239BC90800210C59 /* Info.plist */,
			);
			path = testRevoultTests;
			sourceTree = "<group>";
		};
		8EEE64C0239BC90800210C59 /* testRevoultUITests */ = {
			isa = PBXGroup;
			children = (
				8EEE64C1239BC90800210C59 /* testRevoultUITests.swift */,
				8EEE64C3239BC90800210C59 /* Info.plist */,
			);
			path = testRevoultUITests;
			sourceTree = "<group>";
		};
/* End PBXGroup section */

/* Begin PBXNativeTarget section */
		8EEE649B239BC90800210C59 /* testRevoult */ = {
			isa = PBXNativeTarget;
			buildConfigurationList = 8EEE64C6239BC90800210C59 /* Build configuration list for PBXNativeTarget "testRevoult" */;
			buildPhases = (
				8EEE6498239BC90800210C59 /* Sources */,
				8EEE6499239BC90800210C59 /* Frameworks */,
				8EEE649A239BC90800210C59 /* Resources */,
			);
			buildRules = (
			);
			dependencies = (
			);
			name = testRevoult;
			productName = testRevoult;
			productReference = 8EEE649C239BC90800210C59 /* testRevoult.app */;
			productType = "com.apple.product-type.application";
		};
		8EEE64B1239BC90800210C59 /* testRevoultTests */ = {
			isa = PBXNativeTarget;
			buildConfigurationList = 8EEE64C9239BC90800210C59 /* Build configuration list for PBXNativeTarget "testRevoultTests" */;
			buildPhases = (
				8EEE64AE239BC90800210C59 /* Sources */,
				8EEE64AF239BC90800210C59 /* Frameworks */,
				8EEE64B0239BC90800210C59 /* Resources */,
			);
			buildRules = (
			);
			dependencies = (
				8EEE64B4239BC90800210C59 /* PBXTargetDependency */,
			);
			name = testRevoultTests;
			productName = testRevoultTests;
			productReference = 8EEE64B2239BC90800210C59 /* testRevoultTests.xctest */;
			productType = "com.apple.product-type.bundle.unit-test";
		};
		8EEE64BC239BC90800210C59 /* testRevoultUITests */ = {
			isa = PBXNativeTarget;
			buildConfigurationList = 8EEE64CC239BC90800210C59 /* Build configuration list for PBXNativeTarget "testRevoultUITests" */;
			buildPhases = (
				8EEE64B9239BC90800210C59 /* Sources */,
				8EEE64BA239BC90800210C59 /* Frameworks */,
				8EEE64BB239BC90800210C59 /* Resources */,
			);
			buildRules = (
			);
			dependencies = (
				8EEE64BF239BC90800210C59 /* PBXTargetDependency */,
			);
			name = testRevoultUITests;
			productName = testRevoultUITests;
			productReference = 8EEE64BD239BC90800210C59 /* testRevoultUITests.xctest */;
			productType = "com.apple.product-type.bundle.ui-testing";
		};
/* End PBXNativeTarget section */

/* Begin PBXProject section */
		8EEE6494239BC90800210C59 /* Project object */ = {
			isa = PBXProject;
			attributes = {
				LastSwiftUpdateCheck = 1120;
				LastUpgradeCheck = 1120;
				ORGANIZATIONNAME = "Pavle Mijatovic";
				TargetAttributes = {
					8EEE649B239BC90800210C59 = {
						CreatedOnToolsVersion = 11.2.1;
					};
					8EEE64B1239BC90800210C59 = {
						CreatedOnToolsVersion = 11.2.1;
						TestTargetID = 8EEE649B239BC90800210C59;
					};
					8EEE64BC239BC90800210C59 = {
						CreatedOnToolsVersion = 11.2.1;
						TestTargetID = 8EEE649B239BC90800210C59;
					};
				};
			};
			buildConfigurationList = 8EEE6497239BC90800210C59 /* Build configuration list for PBXProject "testRevoult" */;
			compatibilityVersion = "Xcode 9.3";
			developmentRegion = en;
			hasScannedForEncodings = 0;
			knownRegions = (
				en,
				Base,
			);
			mainGroup = 8EEE6493239BC90800210C59;
			productRefGroup = 8EEE649D239BC90800210C59 /* Products */;
			projectDirPath = "";
			projectRoot = "";
			targets = (
				8EEE649B239BC90800210C59 /* testRevoult */,
				8EEE64B1239BC90800210C59 /* testRevoultTests */,
				8EEE64BC239BC90800210C59 /* testRevoultUITests */,
			);
		};
/* End PBXProject section */

/* Begin PBXResourcesBuildPhase section */
		8EEE649A239BC90800210C59 /* Resources */ = {
			isa = PBXResourcesBuildPhase;
			buildActionMask = 2147483647;
			files = (
				8EEE64AC239BC90800210C59 /* LaunchScreen.storyboard in Resources */,
				8EEE64A9239BC90800210C59 /* Assets.xcassets in Resources */,
				8EEE64A7239BC90800210C59 /* Main.storyboard in Resources */,
			);
			runOnlyForDeploymentPostprocessing = 0;
		};
		8EEE64B0239BC90800210C59 /* Resources */ = {
			isa = PBXResourcesBuildPhase;
			buildActionMask = 2147483647;
			files = (
			);
			runOnlyForDeploymentPostprocessing = 0;
		};
		8EEE64BB239BC90800210C59 /* Resources */ = {
			isa = PBXResourcesBuildPhase;
			buildActionMask = 2147483647;
			files = (
			);
			runOnlyForDeploymentPostprocessing = 0;
		};
/* End PBXResourcesBuildPhase section */

/* Begin PBXSourcesBuildPhase section */
		8EEE6498239BC90800210C59 /* Sources */ = {
			isa = PBXSourcesBuildPhase;
			buildActionMask = 2147483647;
			files = (
				8EEE64A0239BC90800210C59 /* AppDelegate.swift in Sources */,
				8EEE64A2239BC90800210C59 /* SceneDelegate.swift in Sources */,
			);
			runOnlyForDeploymentPostprocessing = 0;
		};
		8EEE64AE239BC90800210C59 /* Sources */ = {
			isa = PBXSourcesBuildPhase;
			buildActionMask = 2147483647;
			files = (
				8EEE64B7239BC90800210C59 /* testRevoultTests.swift in Sources */,
			);
			runOnlyForDeploymentPostprocessing = 0;
		};
		8EEE64B9239BC90800210C59 /* Sources */ = {
			isa = PBXSourcesBuildPhase;
			buildActionMask = 2147483647;
			files = (
				8EEE64C2239BC90800210C59 /* testRevoultUITests.swift in Sources */,
			);
			runOnlyForDeploymentPostprocessing = 0;
		};
/* End PBXSourcesBuildPhase section */

/* Begin PBXTargetDependency section */
		8EEE64B4239BC90800210C59 /* PBXTargetDependency */ = {
			isa = PBXTargetDependency;
			target = 8EEE649B239BC90800210C59 /* testRevoult */;
			targetProxy = 8EEE64B3239BC90800210C59 /* PBXContainerItemProxy */;
		};
		8EEE64BF239BC90800210C59 /* PBXTargetDependency */ = {
			isa = PBXTargetDependency;
			target = 8EEE649B239BC90800210C59 /* testRevoult */;
			targetProxy = 8EEE64BE239BC90800210C59 /* PBXContainerItemProxy */;
		};
/* End PBXTargetDependency section */

/* Begin PBXVariantGroup section */
		8EEE64A5239BC90800210C59 /* Main.storyboard */ = {
			isa = PBXVariantGroup;
			children = (
				8EEE64A6239BC90800210C59 /* Base */,
			);
			name = Main.storyboard;
			sourceTree = "<group>";
		};
		8EEE64AA239BC90800210C59 /* LaunchScreen.storyboard */ = {
			isa = PBXVariantGroup;
			children = (
				8EEE64AB239BC90800210C59 /* Base */,
			);
			name = LaunchScreen.storyboard;
			sourceTree = "<group>";
		};
/* End PBXVariantGroup section */

/* Begin XCBuildConfiguration section */
		8EEE64C4239BC90800210C59 /* Debug */ = {
			isa = XCBuildConfiguration;
			buildSettings = {
				ALWAYS_SEARCH_USER_PATHS = NO;
				CLANG_ANALYZER_NONNULL = YES;
				CLANG_ANALYZER_NUMBER_OBJECT_CONVERSION = YES_AGGRESSIVE;
				CLANG_CXX_LANGUAGE_STANDARD = "gnu++14";
				CLANG_CXX_LIBRARY = "libc++";
				CLANG_ENABLE_MODULES = YES;
				CLANG_ENABLE_OBJC_ARC = YES;
				CLANG_ENABLE_OBJC_WEAK = YES;
				CLANG_WARN_BLOCK_CAPTURE_AUTORELEASING = YES;
				CLANG_WARN_BOOL_CONVERSION = YES;
				CLANG_WARN_COMMA = YES;
				CLANG_WARN_CONSTANT_CONVERSION = YES;
				CLANG_WARN_DEPRECATED_OBJC_IMPLEMENTATIONS = YES;
				CLANG_WARN_DIRECT_OBJC_ISA_USAGE = YES_ERROR;
				CLANG_WARN_DOCUMENTATION_COMMENTS = YES;
				CLANG_WARN_EMPTY_BODY = YES;
				CLANG_WARN_ENUM_CONVERSION = YES;
				CLANG_WARN_INFINITE_RECURSION = YES;
				CLANG_WARN_INT_CONVERSION = YES;
				CLANG_WARN_NON_LITERAL_NULL_CONVERSION = YES;
				CLANG_WARN_OBJC_IMPLICIT_RETAIN_SELF = YES;
				CLANG_WARN_OBJC_LITERAL_CONVERSION = YES;
				CLANG_WARN_OBJC_ROOT_CLASS = YES_ERROR;
				CLANG_WARN_RANGE_LOOP_ANALYSIS = YES;
				CLANG_WARN_STRICT_PROTOTYPES = YES;
				CLANG_WARN_SUSPICIOUS_MOVE = YES;
				CLANG_WARN_UNGUARDED_AVAILABILITY = YES_AGGRESSIVE;
				CLANG_WARN_UNREACHABLE_CODE = YES;
				CLANG_WARN__DUPLICATE_METHOD_MATCH = YES;
				COPY_PHASE_STRIP = NO;
				DEBUG_INFORMATION_FORMAT = dwarf;
				ENABLE_STRICT_OBJC_MSGSEND = YES;
				ENABLE_TESTABILITY = YES;
				GCC_C_LANGUAGE_STANDARD = gnu11;
				GCC_DYNAMIC_NO_PIC = NO;
				GCC_NO_COMMON_BLOCKS = YES;
				GCC_OPTIMIZATION_LEVEL = 0;
				GCC_PREPROCESSOR_DEFINITIONS = (
					"DEBUG=1",
					"$(inherited)",
				);
				GCC_WARN_64_TO_32_BIT_CONVERSION = YES;
				GCC_WARN_ABOUT_RETURN_TYPE = YES_ERROR;
				GCC_WARN_UNDECLARED_SELECTOR = YES;
				GCC_WARN_UNINITIALIZED_AUTOS = YES_AGGRESSIVE;
				GCC_WARN_UNUSED_FUNCTION = YES;
				GCC_WARN_UNUSED_VARIABLE = YES;
				IPHONEOS_DEPLOYMENT_TARGET = 13.2;
				MTL_ENABLE_DEBUG_INFO = INCLUDE_SOURCE;
				MTL_FAST_MATH = YES;
				ONLY_ACTIVE_ARCH = YES;
				SDKROOT = iphoneos;
				SWIFT_ACTIVE_COMPILATION_CONDITIONS = DEBUG;
				SWIFT_OPTIMIZATION_LEVEL = "-Onone";
			};
			name = Debug;
		};
		8EEE64C5239BC90800210C59 /* Release */ = {
			isa = XCBuildConfiguration;
			buildSettings = {
				ALWAYS_SEARCH_USER_PATHS = NO;
				CLANG_ANALYZER_NONNULL = YES;
				CLANG_ANALYZER_NUMBER_OBJECT_CONVERSION = YES_AGGRESSIVE;
				CLANG_CXX_LANGUAGE_STANDARD = "gnu++14";
				CLANG_CXX_LIBRARY = "libc++";
				CLANG_ENABLE_MODULES = YES;
				CLANG_ENABLE_OBJC_ARC = YES;
				CLANG_ENABLE_OBJC_WEAK = YES;
				CLANG_WARN_BLOCK_CAPTURE_AUTORELEASING = YES;
				CLANG_WARN_BOOL_CONVERSION = YES;
				CLANG_WARN_COMMA = YES;
				CLANG_WARN_CONSTANT_CONVERSION = YES;
				CLANG_WARN_DEPRECATED_OBJC_IMPLEMENTATIONS = YES;
				CLANG_WARN_DIRECT_OBJC_ISA_USAGE = YES_ERROR;
				CLANG_WARN_DOCUMENTATION_COMMENTS = YES;
				CLANG_WARN_EMPTY_BODY = YES;
				CLANG_WARN_ENUM_CONVERSION = YES;
				CLANG_WARN_INFINITE_RECURSION = YES;
				CLANG_WARN_INT_CONVERSION = YES;
				CLANG_WARN_NON_LITERAL_NULL_CONVERSION = YES;
				CLANG_WARN_OBJC_IMPLICIT_RETAIN_SELF = YES;
				CLANG_WARN_OBJC_LITERAL_CONVERSION = YES;
				CLANG_WARN_OBJC_ROOT_CLASS = YES_ERROR;
				CLANG_WARN_RANGE_LOOP_ANALYSIS = YES;
				CLANG_WARN_STRICT_PROTOTYPES = YES;
				CLANG_WARN_SUSPICIOUS_MOVE = YES;
				CLANG_WARN_UNGUARDED_AVAILABILITY = YES_AGGRESSIVE;
				CLANG_WARN_UNREACHABLE_CODE = YES;
				CLANG_WARN__DUPLICATE_METHOD_MATCH = YES;
				COPY_PHASE_STRIP = NO;
				DEBUG_INFORMATION_FORMAT = "dwarf-with-dsym";
				ENABLE_NS_ASSERTIONS = NO;
				ENABLE_STRICT_OBJC_MSGSEND = YES;
				GCC_C_LANGUAGE_STANDARD = gnu11;
				GCC_NO_COMMON_BLOCKS = YES;
				GCC_WARN_64_TO_32_BIT_CONVERSION = YES;
				GCC_WARN_ABOUT_RETURN_TYPE = YES_ERROR;
				GCC_WARN_UNDECLARED_SELECTOR = YES;
				GCC_WARN_UNINITIALIZED_AUTOS = YES_AGGRESSIVE;
				GCC_WARN_UNUSED_FUNCTION = YES;
				GCC_WARN_UNUSED_VARIABLE = YES;
				IPHONEOS_DEPLOYMENT_TARGET = 13.2;
				MTL_ENABLE_DEBUG_INFO = NO;
				MTL_FAST_MATH = YES;
				SDKROOT = iphoneos;
				SWIFT_COMPILATION_MODE = wholemodule;
				SWIFT_OPTIMIZATION_LEVEL = "-O";
				VALIDATE_PRODUCT = YES;
			};
			name = Release;
		};
		8EEE64C7239BC90800210C59 /* Debug */ = {
			isa = XCBuildConfiguration;
			buildSettings = {
				ASSETCATALOG_COMPILER_APPICON_NAME = AppIcon;
				CODE_SIGN_STYLE = Automatic;
				INFOPLIST_FILE = testRevoult/Info.plist;
				LD_RUNPATH_SEARCH_PATHS = (
					"$(inherited)",
					"@executable_path/Frameworks",
				);
				PRODUCT_BUNDLE_IDENTIFIER = paja.com.testRevoult;
				PRODUCT_NAME = "$(TARGET_NAME)";
				SWIFT_VERSION = 5.0;
				TARGETED_DEVICE_FAMILY = "1,2";
			};
			name = Debug;
		};
		8EEE64C8239BC90800210C59 /* Release */ = {
			isa = XCBuildConfiguration;
			buildSettings = {
				ASSETCATALOG_COMPILER_APPICON_NAME = AppIcon;
				CODE_SIGN_STYLE = Automatic;
				INFOPLIST_FILE = testRevoult/Info.plist;
				LD_RUNPATH_SEARCH_PATHS = (
					"$(inherited)",
					"@executable_path/Frameworks",
				);
				PRODUCT_BUNDLE_IDENTIFIER = paja.com.testRevoult;
				PRODUCT_NAME = "$(TARGET_NAME)";
				SWIFT_VERSION = 5.0;
				TARGETED_DEVICE_FAMILY = "1,2";
			};
			name = Release;
		};
		8EEE64CA239BC90800210C59 /* Debug */ = {
			isa = XCBuildConfiguration;
			buildSettings = {
				ALWAYS_EMBED_SWIFT_STANDARD_LIBRARIES = YES;
				BUNDLE_LOADER = "$(TEST_HOST)";
				CODE_SIGN_STYLE = Automatic;
				INFOPLIST_FILE = testRevoultTests/Info.plist;
				IPHONEOS_DEPLOYMENT_TARGET = 13.2;
				LD_RUNPATH_SEARCH_PATHS = (
					"$(inherited)",
					"@executable_path/Frameworks",
					"@loader_path/Frameworks",
				);
				PRODUCT_BUNDLE_IDENTIFIER = paja.com.testRevoultTests;
				PRODUCT_NAME = "$(TARGET_NAME)";
				SWIFT_VERSION = 5.0;
				TARGETED_DEVICE_FAMILY = "1,2";
				TEST_HOST = "$(BUILT_PRODUCTS_DIR)/testRevoult.app/testRevoult";
			};
			name = Debug;
		};
		8EEE64CB239BC90800210C59 /* Release */ = {
			isa = XCBuildConfiguration;
			buildSettings = {
				ALWAYS_EMBED_SWIFT_STANDARD_LIBRARIES = YES;
				BUNDLE_LOADER = "$(TEST_HOST)";
				CODE_SIGN_STYLE = Automatic;
				INFOPLIST_FILE = testRevoultTests/Info.plist;
				IPHONEOS_DEPLOYMENT_TARGET = 13.2;
				LD_RUNPATH_SEARCH_PATHS = (
					"$(inherited)",
					"@executable_path/Frameworks",
					"@loader_path/Frameworks",
				);
				PRODUCT_BUNDLE_IDENTIFIER = paja.com.testRevoultTests;
				PRODUCT_NAME = "$(TARGET_NAME)";
				SWIFT_VERSION = 5.0;
				TARGETED_DEVICE_FAMILY = "1,2";
				TEST_HOST = "$(BUILT_PRODUCTS_DIR)/testRevoult.app/testRevoult";
			};
			name = Release;
		};
		8EEE64CD239BC90800210C59 /* Debug */ = {
			isa = XCBuildConfiguration;
			buildSettings = {
				ALWAYS_EMBED_SWIFT_STANDARD_LIBRARIES = YES;
				CODE_SIGN_STYLE = Automatic;
				INFOPLIST_FILE = testRevoultUITests/Info.plist;
				LD_RUNPATH_SEARCH_PATHS = (
					"$(inherited)",
					"@executable_path/Frameworks",
					"@loader_path/Frameworks",
				);
				PRODUCT_BUNDLE_IDENTIFIER = paja.com.testRevoultUITests;
				PRODUCT_NAME = "$(TARGET_NAME)";
				SWIFT_VERSION = 5.0;
				TARGETED_DEVICE_FAMILY = "1,2";
				TEST_TARGET_NAME = testRevoult;
			};
			name = Debug;
		};
		8EEE64CE239BC90800210C59 /* Release */ = {
			isa = XCBuildConfiguration;
			buildSettings = {
				ALWAYS_EMBED_SWIFT_STANDARD_LIBRARIES = YES;
				CODE_SIGN_STYLE = Automatic;
				INFOPLIST_FILE = testRevoultUITests/Info.plist;
				LD_RUNPATH_SEARCH_PATHS = (
					"$(inherited)",
					"@executable_path/Frameworks",
					"@loader_path/Frameworks",
				);
				PRODUCT_BUNDLE_IDENTIFIER = paja.com.testRevoultUITests;
				PRODUCT_NAME = "$(TARGET_NAME)";
				SWIFT_VERSION = 5.0;
				TARGETED_DEVICE_FAMILY = "1,2";
				TEST_TARGET_NAME = testRevoult;
			};
			name = Release;
		};
/* End XCBuildConfiguration section */

/* Begin XCConfigurationList section */
		8EEE6497239BC90800210C59 /* Build configuration list for PBXProject "testRevoult" */ = {
			isa = XCConfigurationList;
			buildConfigurations = (
				8EEE64C4239BC90800210C59 /* Debug */,
				8EEE64C5239BC90800210C59 /* Release */,
			);
			defaultConfigurationIsVisible = 0;
			defaultConfigurationName = Release;
		};
		8EEE64C6239BC90800210C59 /* Build configuration list for PBXNativeTarget "testRevoult" */ = {
			isa = XCConfigurationList;
			buildConfigurations = (
				8EEE64C7239BC90800210C59 /* Debug */,
				8EEE64C8239BC90800210C59 /* Release */,
			);
			defaultConfigurationIsVisible = 0;
			defaultConfigurationName = Release;
		};
		8EEE64C9239BC90800210C59 /* Build configuration list for PBXNativeTarget "testRevoultTests" */ = {
			isa = XCConfigurationList;
			buildConfigurations = (
				8EEE64CA239BC90800210C59 /* Debug */,
				8EEE64CB239BC90800210C59 /* Release */,
			);
			defaultConfigurationIsVisible = 0;
			defaultConfigurationName = Release;
		};
		8EEE64CC239BC90800210C59 /* Build configuration list for PBXNativeTarget "testRevoultUITests" */ = {
			isa = XCConfigurationList;
			buildConfigurations = (
				8EEE64CD239BC90800210C59 /* Debug */,
				8EEE64CE239BC90800210C59 /* Release */,
			);
			defaultConfigurationIsVisible = 0;
			defaultConfigurationName = Release;
		};
/* End XCConfigurationList section */
	};
	rootObject = 8EEE6494239BC90800210C59 /* Project object */;
}
